
Microsoft Visual Studio Solution File, Format Version 10.00
# Visual Studio 2008
Project("{FAE04EC0-301F-11D3-BF4B-00C04F79EFBC}") = "SAS.ManageWeb", "SAS.ManageWeb\SAS.ManageWeb.csproj", "{766EFDCA-D4D9-461A-A07C-7A3A00893ED9}"
EndProject
Project("{FAE04EC0-301F-11D3-BF4B-00C04F79EFBC}") = "SAS.Common", "SAS.Common\SAS.Common.csproj", "{203EB763-E07B-4047-9473-D16F84B2E554}"
EndProject
Project("{FAE04EC0-301F-11D3-BF4B-00C04F79EFBC}") = "SAS.Cache", "SAS.Cache\SAS.Cache.csproj", "{7A65B383-BFA6-4B0D-AA97-2C24F5B2F613}"
EndProject
Project("{FAE04EC0-301F-11D3-BF4B-00C04F79EFBC}") = "SAS.Config", "SAS.Config\SAS.Config.csproj", "{5325F618-33FA-4B03-9A3E-96ED8C554F6C}"
EndProject
Global
	GlobalSection(SubversionScc) = preSolution
		Svn-Managed = True
		Manager = AnkhSVN - Subversion Support for Visual Studio
	EndGlobalSection
	GlobalSection(SolutionConfigurationPlatforms) = preSolution
		Debug|Any CPU = Debug|Any CPU
		Release|Any CPU = Release|Any CPU
	EndGlobalSection
	GlobalSection(ProjectConfigurationPlatforms) = postSolution
		{766EFDCA-D4D9-461A-A07C-7A3A00893ED9}.Debug|Any CPU.ActiveCfg = Debug|Any CPU
		{766EFDCA-D4D9-461A-A07C-7A3A00893ED9}.Debug|Any CPU.Build.0 = Debug|Any CPU
		{766EFDCA-D4D9-461A-A07C-7A3A00893ED9}.Release|Any CPU.ActiveCfg = Release|Any CPU
		{766EFDCA-D4D9-461A-A07C-7A3A00893ED9}.Release|Any CPU.Build.0 = Release|Any CPU
		{203EB763-E07B-4047-9473-D16F84B2E554}.Debug|Any CPU.ActiveCfg = Debug|Any CPU
		{203EB763-E07B-4047-9473-D16F84B2E554}.Debug|Any CPU.Build.0 = Debug|Any CPU
		{203EB763-E07B-4047-9473-D16F84B2E554}.Release|Any CPU.ActiveCfg = Release|Any CPU
		{203EB763-E07B-4047-9473-D16F84B2E554}.Release|Any CPU.Build.0 = Release|Any CPU
		{7A65B383-BFA6-4B0D-AA97-2C24F5B2F613}.Debug|Any CPU.ActiveCfg = Debug|Any CPU
		{7A65B383-BFA6-4B0D-AA97-2C24F5B2F613}.Debug|Any CPU.Build.0 = Debug|Any CPU
		{7A65B383-BFA6-4B0D-AA97-2C24F5B2F613}.Release|Any CPU.ActiveCfg = Release|Any CPU
		{7A65B383-BFA6-4B0D-AA97-2C24F5B2F613}.Release|Any CPU.Build.0 = Release|Any CPU
		{5325F618-33FA-4B03-9A3E-96ED8C554F6C}.Debug|Any CPU.ActiveCfg = Debug|Any CPU
		{5325F618-33FA-4B03-9A3E-96ED8C554F6C}.Debug|Any CPU.Build.0 = Debug|Any CPU
		{5325F618-33FA-4B03-9A3E-96ED8C554F6C}.Release|Any CPU.ActiveCfg = Release|Any CPU
		{5325F618-33FA-4B03-9A3E-96ED8C554F6C}.Release|Any CPU.Build.0 = Release|Any CPU
	EndGlobalSection
	GlobalSection(SolutionProperties) = preSolution
		HideSolutionNode = FALSE
	EndGlobalSection
EndGlobal
